// !$*UTF8*$!
{
	archiveVersion = 1;
	classes = {
	};
	objectVersion = 46;
	objects = {

/* Begin PBXBuildFile section */
		CC1298831C34FAB800B64BD3 /* main.m in Sources */ = {isa = PBXBuildFile; fileRef = CC1298821C34FAB800B64BD3 /* main.m */; };
		CC1298861C34FAB800B64BD3 /* AppDelegate.m in Sources */ = {isa = PBXBuildFile; fileRef = CC1298851C34FAB800B64BD3 /* AppDelegate.m */; };
		CC1298891C34FAB800B64BD3 /* GameScene.m in Sources */ = {isa = PBXBuildFile; fileRef = CC1298881C34FAB800B64BD3 /* GameScene.m */; };
		CC12988B1C34FAB800B64BD3 /* GameScene.sks in Resources */ = {isa = PBXBuildFile; fileRef = CC12988A1C34FAB800B64BD3 /* GameScene.sks */; };
		CC12988E1C34FAB800B64BD3 /* GameViewController.m in Sources */ = {isa = PBXBuildFile; fileRef = CC12988D1C34FAB800B64BD3 /* GameViewController.m */; };
		CC1298911C34FAB800B64BD3 /* Main.storyboard in Resources */ = {isa = PBXBuildFile; fileRef = CC12988F1C34FAB800B64BD3 /* Main.storyboard */; };
		CC1298931C34FAB800B64BD3 /* Assets.xcassets in Resources */ = {isa = PBXBuildFile; fileRef = CC1298921C34FAB800B64BD3 /* Assets.xcassets */; };
		CC1298961C34FAB800B64BD3 /* LaunchScreen.storyboard in Resources */ = {isa = PBXBuildFile; fileRef = CC1298941C34FAB800B64BD3 /* LaunchScreen.storyboard */; };
		CC1298A11C34FAB800B64BD3 /* _1_NijiaGameTests.m in Sources */ = {isa = PBXBuildFile; fileRef = CC1298A01C34FAB800B64BD3 /* _1_NijiaGameTests.m */; };
		CC1298AC1C34FAB800B64BD3 /* _1_NijiaGameUITests.m in Sources */ = {isa = PBXBuildFile; fileRef = CC1298AB1C34FAB800B64BD3 /* _1_NijiaGameUITests.m */; };
		CC1298BB1C34FAF400B64BD3 /* JYMyscene.m in Sources */ = {isa = PBXBuildFile; fileRef = CC1298BA1C34FAF400B64BD3 /* JYMyscene.m */; };
		CC1298BD1C34FB3000B64BD3 /* sprites.atlas in Resources */ = {isa = PBXBuildFile; fileRef = CC1298BC1C34FB3000B64BD3 /* sprites.atlas */; };
		CC1298C11C356C7400B64BD3 /* background-music-aac.caf in Resources */ = {isa = PBXBuildFile; fileRef = CC1298BF1C356C7400B64BD3 /* background-music-aac.caf */; };
		CC1298C21C356C7400B64BD3 /* pew-pew-lei.caf in Resources */ = {isa = PBXBuildFile; fileRef = CC1298C01C356C7400B64BD3 /* pew-pew-lei.caf */; };
/* End PBXBuildFile section */

/* Begin PBXContainerItemProxy section */
		CC12989D1C34FAB800B64BD3 /* PBXContainerItemProxy */ = {
			isa = PBXContainerItemProxy;
			containerPortal = CC1298761C34FAB800B64BD3 /* Project object */;
			proxyType = 1;
			remoteGlobalIDString = CC12987D1C34FAB800B64BD3;
			remoteInfo = "01-NijiaGame";
		};
		CC1298A81C34FAB800B64BD3 /* PBXContainerItemProxy */ = {
			isa = PBXContainerItemProxy;
			containerPortal = CC1298761C34FAB800B64BD3 /* Project object */;
			proxyType = 1;
			remoteGlobalIDString = CC12987D1C34FAB800B64BD3;
			remoteInfo = "01-NijiaGame";
		};
/* End PBXContainerItemProxy section */

/* Begin PBXFileReference section */
		CC12987E1C34FAB800B64BD3 /* 01-NijiaGame.app */ = {isa = PBXFileReference; explicitFileType = wrapper.application; includeInIndex = 0; path = "01-NijiaGame.app"; sourceTree = BUILT_PRODUCTS_DIR; };
		CC1298821C34FAB800B64BD3 /* main.m */ = {isa = PBXFileReference; lastKnownFileType = sourcecode.c.objc; path = main.m; sourceTree = "<group>"; };
		CC1298841C34FAB800B64BD3 /* AppDelegate.h */ = {isa = PBXFileReference; lastKnownFileType = sourcecode.c.h; path = AppDelegate.h; sourceTree = "<group>"; };
		CC1298851C34FAB800B64BD3 /* AppDelegate.m */ = {isa = PBXFileReference; lastKnownFileType = sourcecode.c.objc; path = AppDelegate.m; sourceTree = "<group>"; };
		CC1298871C34FAB800B64BD3 /* GameScene.h */ = {isa = PBXFileReference; lastKnownFileType = sourcecode.c.h; path = GameScene.h; sourceTree = "<group>"; };
		CC1298881C34FAB800B64BD3 /* GameScene.m */ = {isa = PBXFileReference; lastKnownFileType = sourcecode.c.objc; path = GameScene.m; sourceTree = "<group>"; };
		CC12988A1C34FAB800B64BD3 /* GameScene.sks */ = {isa = PBXFileReference; lastKnownFileType = file.sks; path = GameScene.sks; sourceTree = "<group>"; };
		CC12988C1C34FAB800B64BD3 /* GameViewController.h */ = {isa = PBXFileReference; lastKnownFileType = sourcecode.c.h; path = GameViewController.h; sourceTree = "<group>"; };
		CC12988D1C34FAB800B64BD3 /* GameViewController.m */ = {isa = PBXFileReference; lastKnownFileType = sourcecode.c.objc; path = GameViewController.m; sourceTree = "<group>"; };
		CC1298901C34FAB800B64BD3 /* Base */ = {isa = PBXFileReference; lastKnownFileType = file.storyboard; name = Base; path = Base.lproj/Main.storyboard; sourceTree = "<group>"; };
		CC1298921C34FAB800B64BD3 /* Assets.xcassets */ = {isa = PBXFileReference; lastKnownFileType = folder.assetcatalog; path = Assets.xcassets; sourceTree = "<group>"; };
		CC1298951C34FAB800B64BD3 /* Base */ = {isa = PBXFileReference; lastKnownFileType = file.storyboard; name = Base; path = Base.lproj/LaunchScreen.storyboard; sourceTree = "<group>"; };
		CC1298971C34FAB800B64BD3 /* Info.plist */ = {isa = PBXFileReference; lastKnownFileType = text.plist.xml; path = Info.plist; sourceTree = "<group>"; };
		CC12989C1C34FAB800B64BD3 /* 01-NijiaGameTests.xctest */ = {isa = PBXFileReference; explicitFileType = wrapper.cfbundle; includeInIndex = 0; path = "01-NijiaGameTests.xctest"; sourceTree = BUILT_PRODUCTS_DIR; };
		CC1298A01C34FAB800B64BD3 /* _1_NijiaGameTests.m */ = {isa = PBXFileReference; lastKnownFileType = sourcecode.c.objc; path = _1_NijiaGameTests.m; sourceTree = "<group>"; };
		CC1298A21C34FAB800B64BD3 /* Info.plist */ = {isa = PBXFileReference; lastKnownFileType = text.plist.xml; path = Info.plist; sourceTree = "<group>"; };
		CC1298A71C34FAB800B64BD3 /* 01-NijiaGameUITests.xctest */ = {isa = PBXFileReference; explicitFileType = wrapper.cfbundle; includeInIndex = 0; path = "01-NijiaGameUITests.xctest"; sourceTree = BUILT_PRODUCTS_DIR; };
		CC1298AB1C34FAB800B64BD3 /* _1_NijiaGameUITests.m */ = {isa = PBXFileReference; lastKnownFileType = sourcecode.c.objc; path = _1_NijiaGameUITests.m; sourceTree = "<group>"; };
		CC1298AD1C34FAB800B64BD3 /* Info.plist */ = {isa = PBXFileReference; lastKnownFileType = text.plist.xml; path = Info.plist; sourceTree = "<group>"; };
		CC1298B91C34FAF400B64BD3 /* JYMyscene.h */ = {isa = PBXFileReference; fileEncoding = 4; lastKnownFileType = sourcecode.c.h; path = JYMyscene.h; sourceTree = "<group>"; };
		CC1298BA1C34FAF400B64BD3 /* JYMyscene.m */ = {isa = PBXFileReference; fileEncoding = 4; lastKnownFileType = sourcecode.c.objc; path = JYMyscene.m; sourceTree = "<group>"; };
		CC1298BC1C34FB3000B64BD3 /* sprites.atlas */ = {isa = PBXFileReference; lastKnownFileType = folder.skatlas; path = sprites.atlas; sourceTree = "<group>"; };
		CC1298BF1C356C7400B64BD3 /* background-music-aac.caf */ = {isa = PBXFileReference; lastKnownFileType = file; path = "background-music-aac.caf"; sourceTree = "<group>"; };
		CC1298C01C356C7400B64BD3 /* pew-pew-lei.caf */ = {isa = PBXFileReference; lastKnownFileType = file; path = "pew-pew-lei.caf"; sourceTree = "<group>"; };
/* End PBXFileReference section */

/* Begin PBXFrameworksBuildPhase section */
		CC12987B1C34FAB800B64BD3 /* Frameworks */ = {
			isa = PBXFrameworksBuildPhase;
			buildActionMask = 2147483647;
			files = (
			);
			runOnlyForDeploymentPostprocessing = 0;
		};
		CC1298991C34FAB800B64BD3 /* Frameworks */ = {
			isa = PBXFrameworksBuildPhase;
			buildActionMask = 2147483647;
			files = (
			);
			runOnlyForDeploymentPostprocessing = 0;
		};
		CC1298A41C34FAB800B64BD3 /* Frameworks */ = {
			isa = PBXFrameworksBuildPhase;
			buildActionMask = 2147483647;
			files = (
			);
			runOnlyForDeploymentPostprocessing = 0;
		};
/* End PBXFrameworksBuildPhase section */

/* Begin PBXGroup section */
		CC1298751C34FAB800B64BD3 = {
			isa = PBXGroup;
			children = (
				CC1298801C34FAB800B64BD3 /* 01-NijiaGame */,
				CC12989F1C34FAB800B64BD3 /* 01-NijiaGameTests */,
				CC1298AA1C34FAB800B64BD3 /* 01-NijiaGameUITests */,
				CC12987F1C34FAB800B64BD3 /* Products */,
			);
			sourceTree = "<group>";
		};
		CC12987F1C34FAB800B64BD3 /* Products */ = {
			isa = PBXGroup;
			children = (
				CC12987E1C34FAB800B64BD3 /* 01-NijiaGame.app */,
				CC12989C1C34FAB800B64BD3 /* 01-NijiaGameTests.xctest */,
				CC1298A71C34FAB800B64BD3 /* 01-NijiaGameUITests.xctest */,
			);
			name = Products;
			sourceTree = "<group>";
		};
		CC1298801C34FAB800B64BD3 /* 01-NijiaGame */ = {
			isa = PBXGroup;
			children = (
				CC1298BC1C34FB3000B64BD3 /* sprites.atlas */,
				CC1298841C34FAB800B64BD3 /* AppDelegate.h */,
				CC1298851C34FAB800B64BD3 /* AppDelegate.m */,
				CC1298871C34FAB800B64BD3 /* GameScene.h */,
				CC1298881C34FAB800B64BD3 /* GameScene.m */,
				CC12988A1C34FAB800B64BD3 /* GameScene.sks */,
				CC12988C1C34FAB800B64BD3 /* GameViewController.h */,
				CC12988D1C34FAB800B64BD3 /* GameViewController.m */,
				CC1298B91C34FAF400B64BD3 /* JYMyscene.h */,
				CC1298BA1C34FAF400B64BD3 /* JYMyscene.m */,
				CC12988F1C34FAB800B64BD3 /* Main.storyboard */,
				CC1298921C34FAB800B64BD3 /* Assets.xcassets */,
				CC1298941C34FAB800B64BD3 /* LaunchScreen.storyboard */,
				CC1298971C34FAB800B64BD3 /* Info.plist */,
				CC1298811C34FAB800B64BD3 /* Supporting Files */,
			);
			path = "01-NijiaGame";
			sourceTree = "<group>";
		};
		CC1298811C34FAB800B64BD3 /* Supporting Files */ = {
			isa = PBXGroup;
			children = (
				CC1298BE1C356C7400B64BD3 /* Sounds */,
				CC1298821C34FAB800B64BD3 /* main.m */,
			);
			name = "Supporting Files";
			sourceTree = "<group>";
		};
		CC12989F1C34FAB800B64BD3 /* 01-NijiaGameTests */ = {
			isa = PBXGroup;
			children = (
				CC1298A01C34FAB800B64BD3 /* _1_NijiaGameTests.m */,
				CC1298A21C34FAB800B64BD3 /* Info.plist */,
			);
			path = "01-NijiaGameTests";
			sourceTree = "<group>";
		};
		CC1298AA1C34FAB800B64BD3 /* 01-NijiaGameUITests */ = {
			isa = PBXGroup;
			children = (
				CC1298AB1C34FAB800B64BD3 /* _1_NijiaGameUITests.m */,
				CC1298AD1C34FAB800B64BD3 /* Info.plist */,
			);
			path = "01-NijiaGameUITests";
			sourceTree = "<group>";
		};
		CC1298BE1C356C7400B64BD3 /* Sounds */ = {
			isa = PBXGroup;
			children = (
				CC1298BF1C356C7400B64BD3 /* background-music-aac.caf */,
				CC1298C01C356C7400B64BD3 /* pew-pew-lei.caf */,
			);
			path = Sounds;
			sourceTree = "<group>";
		};
/* End PBXGroup section */

/* Begin PBXNativeTarget section */
		CC12987D1C34FAB800B64BD3 /* 01-NijiaGame */ = {
			isa = PBXNativeTarget;
			buildConfigurationList = CC1298B01C34FAB800B64BD3 /* Build configuration list for PBXNativeTarget "01-NijiaGame" */;
			buildPhases = (
				CC12987A1C34FAB800B64BD3 /* Sources */,
				CC12987B1C34FAB800B64BD3 /* Frameworks */,
				CC12987C1C34FAB800B64BD3 /* Resources */,
			);
			buildRules = (
			);
			dependencies = (
			);
			name = "01-NijiaGame";
			productName = "01-NijiaGame";
			productReference = CC12987E1C34FAB800B64BD3 /* 01-NijiaGame.app */;
			productType = "com.apple.product-type.application";
		};
		CC12989B1C34FAB800B64BD3 /* 01-NijiaGameTests */ = {
			isa = PBXNativeTarget;
			buildConfigurationList = CC1298B31C34FAB800B64BD3 /* Build configuration list for PBXNativeTarget "01-NijiaGameTests" */;
			buildPhases = (
				CC1298981C34FAB800B64BD3 /* Sources */,
				CC1298991C34FAB800B64BD3 /* Frameworks */,
				CC12989A1C34FAB800B64BD3 /* Resources */,
			);
			buildRules = (
			);
			dependencies = (
				CC12989E1C34FAB800B64BD3 /* PBXTargetDependency */,
			);
			name = "01-NijiaGameTests";
			productName = "01-NijiaGameTests";
			productReference = CC12989C1C34FAB800B64BD3 /* 01-NijiaGameTests.xctest */;
			productType = "com.apple.product-type.bundle.unit-test";
		};
		CC1298A61C34FAB800B64BD3 /* 01-NijiaGameUITests */ = {
			isa = PBXNativeTarget;
			buildConfigurationList = CC1298B61C34FAB800B64BD3 /* Build configuration list for PBXNativeTarget "01-NijiaGameUITests" */;
			buildPhases = (
				CC1298A31C34FAB800B64BD3 /* Sources */,
				CC1298A41C34FAB800B64BD3 /* Frameworks */,
				CC1298A51C34FAB800B64BD3 /* Resources */,
			);
			buildRules = (
			);
			dependencies = (
				CC1298A91C34FAB800B64BD3 /* PBXTargetDependency */,
			);
			name = "01-NijiaGameUITests";
			productName = "01-NijiaGameUITests";
			productReference = CC1298A71C34FAB800B64BD3 /* 01-NijiaGameUITests.xctest */;
			productType = "com.apple.product-type.bundle.ui-testing";
		};
/* End PBXNativeTarget section */

/* Begin PBXProject section */
		CC1298761C34FAB800B64BD3 /* Project object */ = {
			isa = PBXProject;
			attributes = {
				LastUpgradeCheck = 0710;
				ORGANIZATIONNAME = qingyun;
				TargetAttributes = {
					CC12987D1C34FAB800B64BD3 = {
						CreatedOnToolsVersion = 7.1;
					};
					CC12989B1C34FAB800B64BD3 = {
						CreatedOnToolsVersion = 7.1;
						TestTargetID = CC12987D1C34FAB800B64BD3;
					};
					CC1298A61C34FAB800B64BD3 = {
						CreatedOnToolsVersion = 7.1;
						TestTargetID = CC12987D1C34FAB800B64BD3;
					};
				};
			};
			buildConfigurationList = CC1298791C34FAB800B64BD3 /* Build configuration list for PBXProject "01-NijiaGame" */;
			compatibilityVersion = "Xcode 3.2";
			developmentRegion = English;
			hasScannedForEncodings = 0;
			knownRegions = (
				en,
				Base,
			);
			mainGroup = CC1298751C34FAB800B64BD3;
			productRefGroup = CC12987F1C34FAB800B64BD3 /* Products */;
			projectDirPath = "";
			projectRoot = "";
			targets = (
				CC12987D1C34FAB800B64BD3 /* 01-NijiaGame */,
				CC12989B1C34FAB800B64BD3 /* 01-NijiaGameTests */,
				CC1298A61C34FAB800B64BD3 /* 01-NijiaGameUITests */,
			);
		};
/* End PBXProject section */

/* Begin PBXResourcesBuildPhase section */
		CC12987C1C34FAB800B64BD3 /* Resources */ = {
			isa = PBXResourcesBuildPhase;
			buildActionMask = 2147483647;
			files = (
				CC1298C21C356C7400B64BD3 /* pew-pew-lei.caf in Resources */,
				CC1298BD1C34FB3000B64BD3 /* sprites.atlas in Resources */,
				CC12988B1C34FAB800B64BD3 /* GameScene.sks in Resources */,
				CC1298C11C356C7400B64BD3 /* background-music-aac.caf in Resources */,
				CC1298961C34FAB800B64BD3 /* LaunchScreen.storyboard in Resources */,
				CC1298931C34FAB800B64BD3 /* Assets.xcassets in Resources */,
				CC1298911C34FAB800B64BD3 /* Main.storyboard in Resources */,
			);
			runOnlyForDeploymentPostprocessing = 0;
		};
		CC12989A1C34FAB800B64BD3 /* Resources */ = {
			isa = PBXResourcesBuildPhase;
			buildActionMask = 2147483647;
			files = (
			);
			runOnlyForDeploymentPostprocessing = 0;
		};
		CC1298A51C34FAB800B64BD3 /* Resources */ = {
			isa = PBXResourcesBuildPhase;
			buildActionMask = 2147483647;
			files = (
			);
			runOnlyForDeploymentPostprocessing = 0;
		};
/* End PBXResourcesBuildPhase section */

/* Begin PBXSourcesBuildPhase section */
		CC12987A1C34FAB800B64BD3 /* Sources */ = {
			isa = PBXSourcesBuildPhase;
			buildActionMask = 2147483647;
			files = (
				CC12988E1C34FAB800B64BD3 /* GameViewController.m in Sources */,
				CC1298BB1C34FAF400B64BD3 /* JYMyscene.m in Sources */,
				CC1298861C34FAB800B64BD3 /* AppDelegate.m in Sources */,
				CC1298891C34FAB800B64BD3 /* GameScene.m in Sources */,
				CC1298831C34FAB800B64BD3 /* main.m in Sources */,
			);
			runOnlyForDeploymentPostprocessing = 0;
		};
		CC1298981C34FAB800B64BD3 /* Sources */ = {
			isa = PBXSourcesBuildPhase;
			buildActionMask = 2147483647;
			files = (
				CC1298A11C34FAB800B64BD3 /* _1_NijiaGameTests.m in Sources */,
			);
			runOnlyForDeploymentPostprocessing = 0;
		};
		CC1298A31C34FAB800B64BD3 /* Sources */ = {
			isa = PBXSourcesBuildPhase;
			buildActionMask = 2147483647;
			files = (
				CC1298AC1C34FAB800B64BD3 /* _1_NijiaGameUITests.m in Sources */,
			);
			runOnlyForDeploymentPostprocessing = 0;
		};
/* End PBXSourcesBuildPhase section */

/* Begin PBXTargetDependency section */
		CC12989E1C34FAB800B64BD3 /* PBXTargetDependency */ = {
			isa = PBXTargetDependency;
			target = CC12987D1C34FAB800B64BD3 /* 01-NijiaGame */;
			targetProxy = CC12989D1C34FAB800B64BD3 /* PBXContainerItemProxy */;
		};
		CC1298A91C34FAB800B64BD3 /* PBXTargetDependency */ = {
			isa = PBXTargetDependency;
			target = CC12987D1C34FAB800B64BD3 /* 01-NijiaGame */;
			targetProxy = CC1298A81C34FAB800B64BD3 /* PBXContainerItemProxy */;
		};
/* End PBXTargetDependency section */

/* Begin PBXVariantGroup section */
		CC12988F1C34FAB800B64BD3 /* Main.storyboard */ = {
			isa = PBXVariantGroup;
			children = (
				CC1298901C34FAB800B64BD3 /* Base */,
			);
			name = Main.storyboard;
			sourceTree = "<group>";
		};
		CC1298941C34FAB800B64BD3 /* LaunchScreen.storyboard */ = {
			isa = PBXVariantGroup;
			children = (
				CC1298951C34FAB800B64BD3 /* Base */,
			);
			name = LaunchScreen.storyboard;
			sourceTree = "<group>";
		};
/* End PBXVariantGroup section */

/* Begin XCBuildConfiguration section */
		CC1298AE1C34FAB800B64BD3 /* Debug */ = {
			isa = XCBuildConfiguration;
			buildSettings = {
				ALWAYS_SEARCH_USER_PATHS = NO;
				CLANG_CXX_LANGUAGE_STANDARD = "gnu++0x";
				CLANG_CXX_LIBRARY = "libc++";
				CLANG_ENABLE_MODULES = YES;
				CLANG_ENABLE_OBJC_ARC = YES;
				CLANG_WARN_BOOL_CONVERSION = YES;
				CLANG_WARN_CONSTANT_CONVERSION = YES;
				CLANG_WARN_DIRECT_OBJC_ISA_USAGE = YES_ERROR;
				CLANG_WARN_EMPTY_BODY = YES;
				CLANG_WARN_ENUM_CONVERSION = YES;
				CLANG_WARN_INT_CONVERSION = YES;
				CLANG_WARN_OBJC_ROOT_CLASS = YES_ERROR;
				CLANG_WARN_UNREACHABLE_CODE = YES;
				CLANG_WARN__DUPLICATE_METHOD_MATCH = YES;
				"CODE_SIGN_IDENTITY[sdk=iphoneos*]" = "iPhone Developer";
				COPY_PHASE_STRIP = NO;
				DEBUG_INFORMATION_FORMAT = "dwarf-with-dsym";
				ENABLE_STRICT_OBJC_MSGSEND = YES;
				ENABLE_TESTABILITY = YES;
				GCC_C_LANGUAGE_STANDARD = gnu99;
				GCC_DYNAMIC_NO_PIC = NO;
				GCC_NO_COMMON_BLOCKS = YES;
				GCC_OPTIMIZATION_LEVEL = 0;
				GCC_PREPROCESSOR_DEFINITIONS = (
					"DEBUG=1",
					"$(inherited)",
				);
				GCC_WARN_64_TO_32_BIT_CONVERSION = YES;
				GCC_WARN_ABOUT_RETURN_TYPE = YES_ERROR;
				GCC_WARN_UNDECLARED_SELECTOR = YES;
				GCC_WARN_UNINITIALIZED_AUTOS = YES_AGGRESSIVE;
				GCC_WARN_UNUSED_FUNCTION = YES;
				GCC_WARN_UNUSED_VARIABLE = YES;
				IPHONEOS_DEPLOYMENT_TARGET = 9.1;
				MTL_ENABLE_DEBUG_INFO = YES;
				ONLY_ACTIVE_ARCH = YES;
				SDKROOT = iphoneos;
			};
			name = Debug;
		};
		CC1298AF1C34FAB800B64BD3 /* Release */ = {
			isa = XCBuildConfiguration;
			buildSettings = {
				ALWAYS_SEARCH_USER_PATHS = NO;
				CLANG_CXX_LANGUAGE_STANDARD = "gnu++0x";
				CLANG_CXX_LIBRARY = "libc++";
				CLANG_ENABLE_MODULES = YES;
				CLANG_ENABLE_OBJC_ARC = YES;
				CLANG_WARN_BOOL_CONVERSION = YES;
				CLANG_WARN_CONSTANT_CONVERSION = YES;
				CLANG_WARN_DIRECT_OBJC_ISA_USAGE = YES_ERROR;
				CLANG_WARN_EMPTY_BODY = YES;
				CLANG_WARN_ENUM_CONVERSION = YES;
				CLANG_WARN_INT_CONVERSION = YES;
				CLANG_WARN_OBJC_ROOT_CLASS = YES_ERROR;
				CLANG_WARN_UNREACHABLE_CODE = YES;
				CLANG_WARN__DUPLICATE_METHOD_MATCH = YES;
				"CODE_SIGN_IDENTITY[sdk=iphoneos*]" = "iPhone Developer";
				COPY_PHASE_STRIP = NO;
				DEBUG_INFORMATION_FORMAT = "dwarf-with-dsym";
				ENABLE_NS_ASSERTIONS = NO;
				ENABLE_STRICT_OBJC_MSGSEND = YES;
				GCC_C_LANGUAGE_STANDARD = gnu99;
				GCC_NO_COMMON_BLOCKS = YES;
				GCC_WARN_64_TO_32_BIT_CONVERSION = YES;
				GCC_WARN_ABOUT_RETURN_TYPE = YES_ERROR;
				GCC_WARN_UNDECLARED_SELECTOR = YES;
				GCC_WARN_UNINITIALIZED_AUTOS = YES_AGGRESSIVE;
				GCC_WARN_UNUSED_FUNCTION = YES;
				GCC_WARN_UNUSED_VARIABLE = YES;
				IPHONEOS_DEPLOYMENT_TARGET = 9.1;
				MTL_ENABLE_DEBUG_INFO = NO;
				SDKROOT = iphoneos;
				VALIDATE_PRODUCT = YES;
			};
			name = Release;
		};
		CC1298B11C34FAB800B64BD3 /* Debug */ = {
			isa = XCBuildConfiguration;
			buildSettings = {
				ASSETCATALOG_COMPILER_APPICON_NAME = AppIcon;
				INFOPLIST_FILE = "01-NijiaGame/Info.plist";
				LD_RUNPATH_SEARCH_PATHS = "$(inherited) @executable_path/Frameworks";
				PRODUCT_BUNDLE_IDENTIFIER = "com.jy.-1-NijiaGame";
				PRODUCT_NAME = "$(TARGET_NAME)";
			};
			name = Debug;
		};
		CC1298B21C34FAB800B64BD3 /* Release */ = {
			isa = XCBuildConfiguration;
			buildSettings = {
				ASSETCATALOG_COMPILER_APPICON_NAME = AppIcon;
				INFOPLIST_FILE = "01-NijiaGame/Info.plist";
				LD_RUNPATH_SEARCH_PATHS = "$(inherited) @executable_path/Frameworks";
				PRODUCT_BUNDLE_IDENTIFIER = "com.jy.-1-NijiaGame";
				PRODUCT_NAME = "$(TARGET_NAME)";
			};
			name = Release;
		};
		CC1298B41C34FAB800B64BD3 /* Debug */ = {
			isa = XCBuildConfiguration;
			buildSettings = {
				BUNDLE_LOADER = "$(TEST_HOST)";
				DEBUG_INFORMATION_FORMAT = dwarf;
				INFOPLIST_FILE = "01-NijiaGameTests/Info.plist";
				LD_RUNPATH_SEARCH_PATHS = "$(inherited) @executable_path/Frameworks @loader_path/Frameworks";
				PRODUCT_BUNDLE_IDENTIFIER = "com.jy.-1-NijiaGameTests";
				PRODUCT_NAME = "$(TARGET_NAME)";
				TEST_HOST = "$(BUILT_PRODUCTS_DIR)/01-NijiaGame.app/01-NijiaGame";
			};
			name = Debug;
		};
		CC1298B51C34FAB800B64BD3 /* Release */ = {
			isa = XCBuildConfiguration;
			buildSettings = {
				BUNDLE_LOADER = "$(TEST_HOST)";
				INFOPLIST_FILE = "01-NijiaGameTests/Info.plist";
				LD_RUNPATH_SEARCH_PATHS = "$(inherited) @executable_path/Frameworks @loader_path/Frameworks";
				PRODUCT_BUNDLE_IDENTIFIER = "com.jy.-1-NijiaGameTests";
				PRODUCT_NAME = "$(TARGET_NAME)";
				TEST_HOST = "$(BUILT_PRODUCTS_DIR)/01-NijiaGame.app/01-NijiaGame";
			};
			name = Release;
		};
		CC1298B71C34FAB800B64BD3 /* Debug */ = {
			isa = XCBuildConfiguration;
			buildSettings = {
				DEBUG_INFORMATION_FORMAT = dwarf;
				INFOPLIST_FILE = "01-NijiaGameUITests/Info.plist";
				LD_RUNPATH_SEARCH_PATHS = "$(inherited) @executable_path/Frameworks @loader_path/Frameworks";
				PRODUCT_BUNDLE_IDENTIFIER = "com.jy.-1-NijiaGameUITests";
				PRODUCT_NAME = "$(TARGET_NAME)";
				TEST_TARGET_NAME = "01-NijiaGame";
				USES_XCTRUNNER = YES;
			};
			name = Debug;
		};
		CC1298B81C34FAB800B64BD3 /* Release */ = {
			isa = XCBuildConfiguration;
			buildSettings = {
				INFOPLIST_FILE = "01-NijiaGameUITests/Info.plist";
				LD_RUNPATH_SEARCH_PATHS = "$(inherited) @executable_path/Frameworks @loader_path/Frameworks";
				PRODUCT_BUNDLE_IDENTIFIER = "com.jy.-1-NijiaGameUITests";
				PRODUCT_NAME = "$(TARGET_NAME)";
				TEST_TARGET_NAME = "01-NijiaGame";
				USES_XCTRUNNER = YES;
			};
			name = Release;
		};
/* End XCBuildConfiguration section */

/* Begin XCConfigurationList section */
		CC1298791C34FAB800B64BD3 /* Build configuration list for PBXProject "01-NijiaGame" */ = {
			isa = XCConfigurationList;
			buildConfigurations = (
				CC1298AE1C34FAB800B64BD3 /* Debug */,
				CC1298AF1C34FAB800B64BD3 /* Release */,
			);
			defaultConfigurationIsVisible = 0;
			defaultConfigurationName = Release;
		};
		CC1298B01C34FAB800B64BD3 /* Build configuration list for PBXNativeTarget "01-NijiaGame" */ = {
			isa = XCConfigurationList;
			buildConfigurations = (
				CC1298B11C34FAB800B64BD3 /* Debug */,
				CC1298B21C34FAB800B64BD3 /* Release */,
			);
			defaultConfigurationIsVisible = 0;
		};
		CC1298B31C34FAB800B64BD3 /* Build configuration list for PBXNativeTarget "01-NijiaGameTests" */ = {
			isa = XCConfigurationList;
			buildConfigurations = (
				CC1298B41C34FAB800B64BD3 /* Debug */,
				CC1298B51C34FAB800B64BD3 /* Release */,
			);
			defaultConfigurationIsVisible = 0;
		};
		CC1298B61C34FAB800B64BD3 /* Build configuration list for PBXNativeTarget "01-NijiaGameUITests" */ = {
			isa = XCConfigurationList;
			buildConfigurations = (
				CC1298B71C34FAB800B64BD3 /* Debug */,
				CC1298B81C34FAB800B64BD3 /* Release */,
			);
			defaultConfigurationIsVisible = 0;
		};
/* End XCConfigurationList section */
	};
	rootObject = CC1298761C34FAB800B64BD3 /* Project object */;
}
